hash: 00946aaca37b528791fbd6fefeef9f0e0b791f2675a236c9e6903b8f43546ba3
updated: 2017-08-14T13:14:05.740380458+01:00
imports:
- name: github.com/dgrijalva/jwt-go
  version: d2709f9f1f31ebcda9651b03077758c1f3a0018c
- name: github.com/fident/go-proto
  version: 92bdee3f5be1bc776d3964416a30af9695c66eb6
- name: google.golang.org/grpc
  version: b8669c35455183da6d5c474ea6e72fbf55183274
testImports: []
