hash: 727f348839253e2c002aabd847d6541f77a28757391569259978536951735b07
updated: 2017-08-03T11:02:31.085849694+01:00
imports:
- name: github.com/dgrijalva/jwt-go
  version: d2709f9f1f31ebcda9651b03077758c1f3a0018c
- name: github.com/fident/go-proto
  version: 8bc5174e7fc391284c9d47c04e90bd39b0628770
  subpackages:
  - fident
- name: github.com/golang/protobuf
  version: 0a4f71a498b7c4812f64969510bcb4eca251e33a
  subpackages:
  - proto
- name: golang.org/x/net
  version: ab5485076ff3407ad2d02db054635913f017b0ed
  subpackages:
  - context
  - http2
  - http2/hpack
  - idna
  - internal/timeseries
  - lex/httplex
  - trace
- name: golang.org/x/text
  version: 836efe42bb4aa16aaa17b9c155d8813d336ed720
  subpackages:
  - secure/bidirule
  - transform
  - unicode/bidi
  - unicode/norm
- name: google.golang.org/grpc
  version: 708a7f9f3283aa2d4f6132d287d78683babe55c8
  subpackages:
  - codes
  - credentials
  - grpclog
  - internal
  - metadata
  - naming
  - peer
  - stats
  - tap
  - transport
testImports: []
