# This file is autogenerated, do not edit; changes may be undone by the next 'dep ensure'.


[[projects]]
  name = "github.com/dgrijalva/jwt-go"
  packages = ["."]
  revision = "dbeaa9332f19a944acb5736b4456cfcc02140e29"
  version = "v3.1.0"

[[projects]]
  name = "github.com/fident/go-proto"
  packages = ["fident"]
  revision = "c531bdc0358d22980badf6c1d4a193a78d8d3449"
  version = "0.1.19"

[[projects]]
  branch = "master"
  name = "github.com/golang/protobuf"
  packages = ["proto","ptypes","ptypes/any","ptypes/duration","ptypes/timestamp"]
  revision = "1643683e1b54a9e88ad26d98f81400c8c9d9f4f9"

[[projects]]
  branch = "master"
  name = "golang.org/x/net"
  packages = ["context","http2","http2/hpack","idna","internal/timeseries","lex/httplex","trace"]
  revision = "a337091b0525af65de94df2eb7e98bd9962dcbe2"

[[projects]]
  branch = "master"
  name = "golang.org/x/text"
  packages = ["collate","collate/build","internal/colltab","internal/gen","internal/tag","internal/triegen","internal/ucd","language","secure/bidirule","transform","unicode/bidi","unicode/cldr","unicode/norm","unicode/rangetable"]
  revision = "88f656faf3f37f690df1a32515b479415e1a6769"

[[projects]]
  branch = "master"
  name = "google.golang.org/genproto"
  packages = ["googleapis/rpc/status"]
  revision = "11c7f9e547da6db876260ce49ea7536985904c9b"

[[projects]]
  name = "google.golang.org/grpc"
  packages = [".","codes","connectivity","credentials","grpclb/grpc_lb_v1/messages","grpclog","internal","keepalive","metadata","naming","peer","stats","status","tap","transport"]
  revision = "f92cdcd7dcdc69e81b2d7b338479a19a8723cfa3"
  version = "v1.6.0"

[solve-meta]
  analyzer-name = "dep"
  analyzer-version = 1
  inputs-digest = "e75620fc22e20085feea74a722bd61836ab4a7886e83863cf441281ec8cbdba2"
  solver-name = "gps-cdcl"
  solver-version = 1
